github.com/daishisystems/go-secure-coding-owasp/03/whitelisting v0.0.0-20230713210316-c1634a883a4a h1:Y6owY6PyCpXLWpDjnqom/hvTjrjAXbbfgqtJzRmpII8=
github.com/daishisystems/go-secure-coding-owasp/03/whitelisting v0.0.0-20230713210316-c1634a883a4a/go.mod h1:zYRaUjRToqP+Nysd+E/yUuNYdx98WHhVIQ0H/TO/DBY=
